// !$*UTF8*$!
{
	archiveVersion = 1;
	classes = {
	};
	objectVersion = 46;
	objects = {

/* Begin PBXBuildFile section */
		3A52E9E71685F0A20076DA2C /* UIKit.framework in Frameworks */ = {isa = PBXBuildFile; fileRef = 3A52E9E61685F0A20076DA2C /* UIKit.framework */; };
		3A52E9E91685F0A20076DA2C /* Foundation.framework in Frameworks */ = {isa = PBXBuildFile; fileRef = 3A52E9E81685F0A20076DA2C /* Foundation.framework */; };
		3A52E9EB1685F0A20076DA2C /* CoreGraphics.framework in Frameworks */ = {isa = PBXBuildFile; fileRef = 3A52E9EA1685F0A20076DA2C /* CoreGraphics.framework */; };
		3A52E9F11685F0A20076DA2C /* InfoPlist.strings in Resources */ = {isa = PBXBuildFile; fileRef = 3A52E9EF1685F0A20076DA2C /* InfoPlist.strings */; };
		3A52E9F31685F0A20076DA2C /* main.m in Sources */ = {isa = PBXBuildFile; fileRef = 3A52E9F21685F0A20076DA2C /* main.m */; };
		3A52E9F71685F0A20076DA2C /* AppDelegate.m in Sources */ = {isa = PBXBuildFile; fileRef = 3A52E9F61685F0A20076DA2C /* AppDelegate.m */; };
		3A52E9F91685F0A20076DA2C /* Default.png in Resources */ = {isa = PBXBuildFile; fileRef = 3A52E9F81685F0A20076DA2C /* Default.png */; };
		3A52E9FB1685F0A20076DA2C /* Default@2x.png in Resources */ = {isa = PBXBuildFile; fileRef = 3A52E9FA1685F0A20076DA2C /* Default@2x.png */; };
		3A52E9FD1685F0A20076DA2C /* Default-568h@2x.png in Resources */ = {isa = PBXBuildFile; fileRef = 3A52E9FC1685F0A20076DA2C /* Default-568h@2x.png */; };
		3A52EA001685F0A20076DA2C /* MasterViewController.m in Sources */ = {isa = PBXBuildFile; fileRef = 3A52E9FF1685F0A20076DA2C /* MasterViewController.m */; };
		3A52EA031685F0A20076DA2C /* DetailViewController.m in Sources */ = {isa = PBXBuildFile; fileRef = 3A52EA021685F0A20076DA2C /* DetailViewController.m */; };
		3A52EA061685F0A20076DA2C /* MasterViewController.xib in Resources */ = {isa = PBXBuildFile; fileRef = 3A52EA041685F0A20076DA2C /* MasterViewController.xib */; };
		3A52EA091685F0A20076DA2C /* DetailViewController.xib in Resources */ = {isa = PBXBuildFile; fileRef = 3A52EA071685F0A20076DA2C /* DetailViewController.xib */; };
		3A52EA151685F6500076DA2C /* Reachability.m in Sources */ = {isa = PBXBuildFile; fileRef = 3A52EA141685F6500076DA2C /* Reachability.m */; };
		3A52EA691685F6660076DA2C /* ASIAuthenticationDialog.m in Sources */ = {isa = PBXBuildFile; fileRef = 3A52EA181685F6660076DA2C /* ASIAuthenticationDialog.m */; };
		3A52EA6A1685F6660076DA2C /* ASIDataCompressor.m in Sources */ = {isa = PBXBuildFile; fileRef = 3A52EA1B1685F6660076DA2C /* ASIDataCompressor.m */; };
		3A52EA6B1685F6660076DA2C /* ASIDataDecompressor.m in Sources */ = {isa = PBXBuildFile; fileRef = 3A52EA1D1685F6660076DA2C /* ASIDataDecompressor.m */; };
		3A52EA6C1685F6660076DA2C /* ASIDownloadCache.m in Sources */ = {isa = PBXBuildFile; fileRef = 3A52EA1F1685F6660076DA2C /* ASIDownloadCache.m */; };
		3A52EA6D1685F6660076DA2C /* ASIFormDataRequest.m in Sources */ = {isa = PBXBuildFile; fileRef = 3A52EA211685F6660076DA2C /* ASIFormDataRequest.m */; };
		3A52EA6E1685F6660076DA2C /* ASIHTTPRequest.m in Sources */ = {isa = PBXBuildFile; fileRef = 3A52EA231685F6660076DA2C /* ASIHTTPRequest.m */; };
		3A52EA6F1685F6660076DA2C /* ASIInputStream.m in Sources */ = {isa = PBXBuildFile; fileRef = 3A52EA271685F6660076DA2C /* ASIInputStream.m */; };
		3A52EA701685F6660076DA2C /* ASINetworkQueue.m in Sources */ = {isa = PBXBuildFile; fileRef = 3A52EA291685F6660076DA2C /* ASINetworkQueue.m */; };
		3A52EA8F168606FA0076DA2C /* MobileCoreServices.framework in Frameworks */ = {isa = PBXBuildFile; fileRef = 3A52EA8E168606FA0076DA2C /* MobileCoreServices.framework */; };
		3A52EA91168607050076DA2C /* SystemConfiguration.framework in Frameworks */ = {isa = PBXBuildFile; fileRef = 3A52EA90168607050076DA2C /* SystemConfiguration.framework */; };
		3A52EA93168607110076DA2C /* CFNetwork.framework in Frameworks */ = {isa = PBXBuildFile; fileRef = 3A52EA92168607110076DA2C /* CFNetwork.framework */; };
		3A52EA95168607260076DA2C /* libz.1.2.5.dylib in Frameworks */ = {isa = PBXBuildFile; fileRef = 3A52EA94168607260076DA2C /* libz.1.2.5.dylib */; };
/* End PBXBuildFile section */

/* Begin PBXFileReference section */
		3A52E9E21685F0A20076DA2C /* treinaweb.app */ = {isa = PBXFileReference; explicitFileType = wrapper.application; includeInIndex = 0; path = treinaweb.app; sourceTree = BUILT_PRODUCTS_DIR; };
		3A52E9E61685F0A20076DA2C /* UIKit.framework */ = {isa = PBXFileReference; lastKnownFileType = wrapper.framework; name = UIKit.framework; path = System/Library/Frameworks/UIKit.framework; sourceTree = SDKROOT; };
		3A52E9E81685F0A20076DA2C /* Foundation.framework */ = {isa = PBXFileReference; lastKnownFileType = wrapper.framework; name = Foundation.framework; path = System/Library/Frameworks/Foundation.framework; sourceTree = SDKROOT; };
		3A52E9EA1685F0A20076DA2C /* CoreGraphics.framework */ = {isa = PBXFileReference; lastKnownFileType = wrapper.framework; name = CoreGraphics.framework; path = System/Library/Frameworks/CoreGraphics.framework; sourceTree = SDKROOT; };
		3A52E9EE1685F0A20076DA2C /* treinaweb-Info.plist */ = {isa = PBXFileReference; lastKnownFileType = text.plist.xml; path = "treinaweb-Info.plist"; sourceTree = "<group>"; };
		3A52E9F01685F0A20076DA2C /* en */ = {isa = PBXFileReference; lastKnownFileType = text.plist.strings; name = en; path = en.lproj/InfoPlist.strings; sourceTree = "<group>"; };
		3A52E9F21685F0A20076DA2C /* main.m */ = {isa = PBXFileReference; lastKnownFileType = sourcecode.c.objc; path = main.m; sourceTree = "<group>"; };
		3A52E9F41685F0A20076DA2C /* treinaweb-Prefix.pch */ = {isa = PBXFileReference; lastKnownFileType = sourcecode.c.h; path = "treinaweb-Prefix.pch"; sourceTree = "<group>"; };
		3A52E9F51685F0A20076DA2C /* AppDelegate.h */ = {isa = PBXFileReference; lastKnownFileType = sourcecode.c.h; path = AppDelegate.h; sourceTree = "<group>"; };
		3A52E9F61685F0A20076DA2C /* AppDelegate.m */ = {isa = PBXFileReference; lastKnownFileType = sourcecode.c.objc; path = AppDelegate.m; sourceTree = "<group>"; };
		3A52E9F81685F0A20076DA2C /* Default.png */ = {isa = PBXFileReference; lastKnownFileType = image.png; path = Default.png; sourceTree = "<group>"; };
		3A52E9FA1685F0A20076DA2C /* Default@2x.png */ = {isa = PBXFileReference; lastKnownFileType = image.png; path = "Default@2x.png"; sourceTree = "<group>"; };
		3A52E9FC1685F0A20076DA2C /* Default-568h@2x.png */ = {isa = PBXFileReference; lastKnownFileType = image.png; path = "Default-568h@2x.png"; sourceTree = "<group>"; };
		3A52E9FE1685F0A20076DA2C /* MasterViewController.h */ = {isa = PBXFileReference; lastKnownFileType = sourcecode.c.h; path = MasterViewController.h; sourceTree = "<group>"; };
		3A52E9FF1685F0A20076DA2C /* MasterViewController.m */ = {isa = PBXFileReference; lastKnownFileType = sourcecode.c.objc; path = MasterViewController.m; sourceTree = "<group>"; };
		3A52EA011685F0A20076DA2C /* DetailViewController.h */ = {isa = PBXFileReference; lastKnownFileType = sourcecode.c.h; path = DetailViewController.h; sourceTree = "<group>"; };
		3A52EA021685F0A20076DA2C /* DetailViewController.m */ = {isa = PBXFileReference; lastKnownFileType = sourcecode.c.objc; path = DetailViewController.m; sourceTree = "<group>"; };
		3A52EA051685F0A20076DA2C /* en */ = {isa = PBXFileReference; lastKnownFileType = file.xib; name = en; path = en.lproj/MasterViewController.xib; sourceTree = "<group>"; };
		3A52EA081685F0A20076DA2C /* en */ = {isa = PBXFileReference; lastKnownFileType = file.xib; name = en; path = en.lproj/DetailViewController.xib; sourceTree = "<group>"; };
		3A52EA131685F6500076DA2C /* Reachability.h */ = {isa = PBXFileReference; fileEncoding = 4; lastKnownFileType = sourcecode.c.h; path = Reachability.h; sourceTree = "<group>"; };
		3A52EA141685F6500076DA2C /* Reachability.m */ = {isa = PBXFileReference; fileEncoding = 4; lastKnownFileType = sourcecode.c.objc; path = Reachability.m; sourceTree = "<group>"; };
		3A52EA171685F6660076DA2C /* ASIAuthenticationDialog.h */ = {isa = PBXFileReference; fileEncoding = 4; lastKnownFileType = sourcecode.c.h; path = ASIAuthenticationDialog.h; sourceTree = "<group>"; };
		3A52EA181685F6660076DA2C /* ASIAuthenticationDialog.m */ = {isa = PBXFileReference; fileEncoding = 4; lastKnownFileType = sourcecode.c.objc; path = ASIAuthenticationDialog.m; sourceTree = "<group>"; };
		3A52EA191685F6660076DA2C /* ASICacheDelegate.h */ = {isa = PBXFileReference; fileEncoding = 4; lastKnownFileType = sourcecode.c.h; path = ASICacheDelegate.h; sourceTree = "<group>"; };
		3A52EA1A1685F6660076DA2C /* ASIDataCompressor.h */ = {isa = PBXFileReference; fileEncoding = 4; lastKnownFileType = sourcecode.c.h; path = ASIDataCompressor.h; sourceTree = "<group>"; };
		3A52EA1B1685F6660076DA2C /* ASIDataCompressor.m */ = {isa = PBXFileReference; fileEncoding = 4; lastKnownFileType = sourcecode.c.objc; path = ASIDataCompressor.m; sourceTree = "<group>"; };
		3A52EA1C1685F6660076DA2C /* ASIDataDecompressor.h */ = {isa = PBXFileReference; fileEncoding = 4; lastKnownFileType = sourcecode.c.h; path = ASIDataDecompressor.h; sourceTree = "<group>"; };
		3A52EA1D1685F6660076DA2C /* ASIDataDecompressor.m */ = {isa = PBXFileReference; fileEncoding = 4; lastKnownFileType = sourcecode.c.objc; path = ASIDataDecompressor.m; sourceTree = "<group>"; };
		3A52EA1E1685F6660076DA2C /* ASIDownloadCache.h */ = {isa = PBXFileReference; fileEncoding = 4; lastKnownFileType = sourcecode.c.h; path = ASIDownloadCache.h; sourceTree = "<group>"; };
		3A52EA1F1685F6660076DA2C /* ASIDownloadCache.m */ = {isa = PBXFileReference; fileEncoding = 4; lastKnownFileType = sourcecode.c.objc; path = ASIDownloadCache.m; sourceTree = "<group>"; };
		3A52EA201685F6660076DA2C /* ASIFormDataRequest.h */ = {isa = PBXFileReference; fileEncoding = 4; lastKnownFileType = sourcecode.c.h; path = ASIFormDataRequest.h; sourceTree = "<group>"; };
		3A52EA211685F6660076DA2C /* ASIFormDataRequest.m */ = {isa = PBXFileReference; fileEncoding = 4; lastKnownFileType = sourcecode.c.objc; path = ASIFormDataRequest.m; sourceTree = "<group>"; };
		3A52EA221685F6660076DA2C /* ASIHTTPRequest.h */ = {isa = PBXFileReference; fileEncoding = 4; lastKnownFileType = sourcecode.c.h; path = ASIHTTPRequest.h; sourceTree = "<group>"; };
		3A52EA231685F6660076DA2C /* ASIHTTPRequest.m */ = {isa = PBXFileReference; fileEncoding = 4; lastKnownFileType = sourcecode.c.objc; path = ASIHTTPRequest.m; sourceTree = "<group>"; };
		3A52EA241685F6660076DA2C /* ASIHTTPRequestConfig.h */ = {isa = PBXFileReference; fileEncoding = 4; lastKnownFileType = sourcecode.c.h; path = ASIHTTPRequestConfig.h; sourceTree = "<group>"; };
		3A52EA251685F6660076DA2C /* ASIHTTPRequestDelegate.h */ = {isa = PBXFileReference; fileEncoding = 4; lastKnownFileType = sourcecode.c.h; path = ASIHTTPRequestDelegate.h; sourceTree = "<group>"; };
		3A52EA261685F6660076DA2C /* ASIInputStream.h */ = {isa = PBXFileReference; fileEncoding = 4; lastKnownFileType = sourcecode.c.h; path = ASIInputStream.h; sourceTree = "<group>"; };
		3A52EA271685F6660076DA2C /* ASIInputStream.m */ = {isa = PBXFileReference; fileEncoding = 4; lastKnownFileType = sourcecode.c.objc; path = ASIInputStream.m; sourceTree = "<group>"; };
		3A52EA281685F6660076DA2C /* ASINetworkQueue.h */ = {isa = PBXFileReference; fileEncoding = 4; lastKnownFileType = sourcecode.c.h; path = ASINetworkQueue.h; sourceTree = "<group>"; };
		3A52EA291685F6660076DA2C /* ASINetworkQueue.m */ = {isa = PBXFileReference; fileEncoding = 4; lastKnownFileType = sourcecode.c.objc; path = ASINetworkQueue.m; sourceTree = "<group>"; };
		3A52EA2A1685F6660076DA2C /* ASIProgressDelegate.h */ = {isa = PBXFileReference; fileEncoding = 4; lastKnownFileType = sourcecode.c.h; path = ASIProgressDelegate.h; sourceTree = "<group>"; };
		3A52EA8E168606FA0076DA2C /* MobileCoreServices.framework */ = {isa = PBXFileReference; lastKnownFileType = wrapper.framework; name = MobileCoreServices.framework; path = System/Library/Frameworks/MobileCoreServices.framework; sourceTree = SDKROOT; };
		3A52EA90168607050076DA2C /* SystemConfiguration.framework */ = {isa = PBXFileReference; lastKnownFileType = wrapper.framework; name = SystemConfiguration.framework; path = System/Library/Frameworks/SystemConfiguration.framework; sourceTree = SDKROOT; };
		3A52EA92168607110076DA2C /* CFNetwork.framework */ = {isa = PBXFileReference; lastKnownFileType = wrapper.framework; name = CFNetwork.framework; path = System/Library/Frameworks/CFNetwork.framework; sourceTree = SDKROOT; };
		3A52EA94168607260076DA2C /* libz.1.2.5.dylib */ = {isa = PBXFileReference; lastKnownFileType = "compiled.mach-o.dylib"; name = libz.1.2.5.dylib; path = usr/lib/libz.1.2.5.dylib; sourceTree = SDKROOT; };
/* End PBXFileReference section */

/* Begin PBXFrameworksBuildPhase section */
		3A52E9DF1685F0A20076DA2C /* Frameworks */ = {
			isa = PBXFrameworksBuildPhase;
			buildActionMask = 2147483647;
			files = (
				3A52EA95168607260076DA2C /* libz.1.2.5.dylib in Frameworks */,
				3A52EA93168607110076DA2C /* CFNetwork.framework in Frameworks */,
				3A52EA91168607050076DA2C /* SystemConfiguration.framework in Frameworks */,
				3A52EA8F168606FA0076DA2C /* MobileCoreServices.framework in Frameworks */,
				3A52E9E71685F0A20076DA2C /* UIKit.framework in Frameworks */,
				3A52E9E91685F0A20076DA2C /* Foundation.framework in Frameworks */,
				3A52E9EB1685F0A20076DA2C /* CoreGraphics.framework in Frameworks */,
			);
			runOnlyForDeploymentPostprocessing = 0;
		};
/* End PBXFrameworksBuildPhase section */

/* Begin PBXGroup section */
		3A52E9D71685F0A20076DA2C = {
			isa = PBXGroup;
			children = (
				3A52EA0F1685F5AC0076DA2C /* ASIHTTPRequest */,
				3A52E9EC1685F0A20076DA2C /* treinaweb */,
				3A52E9E51685F0A20076DA2C /* Frameworks */,
				3A52E9E31685F0A20076DA2C /* Products */,
			);
			sourceTree = "<group>";
		};
		3A52E9E31685F0A20076DA2C /* Products */ = {
			isa = PBXGroup;
			children = (
				3A52E9E21685F0A20076DA2C /* treinaweb.app */,
			);
			name = Products;
			sourceTree = "<group>";
		};
		3A52E9E51685F0A20076DA2C /* Frameworks */ = {
			isa = PBXGroup;
			children = (
				3A52EA94168607260076DA2C /* libz.1.2.5.dylib */,
				3A52EA92168607110076DA2C /* CFNetwork.framework */,
				3A52EA90168607050076DA2C /* SystemConfiguration.framework */,
				3A52EA8E168606FA0076DA2C /* MobileCoreServices.framework */,
				3A52E9E61685F0A20076DA2C /* UIKit.framework */,
				3A52E9E81685F0A20076DA2C /* Foundation.framework */,
				3A52E9EA1685F0A20076DA2C /* CoreGraphics.framework */,
			);
			name = Frameworks;
			sourceTree = "<group>";
		};
		3A52E9EC1685F0A20076DA2C /* treinaweb */ = {
			isa = PBXGroup;
			children = (
				3A52E9F51685F0A20076DA2C /* AppDelegate.h */,
				3A52E9F61685F0A20076DA2C /* AppDelegate.m */,
				3A52E9FE1685F0A20076DA2C /* MasterViewController.h */,
				3A52E9FF1685F0A20076DA2C /* MasterViewController.m */,
				3A52EA011685F0A20076DA2C /* DetailViewController.h */,
				3A52EA021685F0A20076DA2C /* DetailViewController.m */,
				3A52EA041685F0A20076DA2C /* MasterViewController.xib */,
				3A52EA071685F0A20076DA2C /* DetailViewController.xib */,
				3A52E9ED1685F0A20076DA2C /* Supporting Files */,
			);
			path = treinaweb;
			sourceTree = "<group>";
		};
		3A52E9ED1685F0A20076DA2C /* Supporting Files */ = {
			isa = PBXGroup;
			children = (
				3A52E9EE1685F0A20076DA2C /* treinaweb-Info.plist */,
				3A52E9EF1685F0A20076DA2C /* InfoPlist.strings */,
				3A52E9F21685F0A20076DA2C /* main.m */,
				3A52E9F41685F0A20076DA2C /* treinaweb-Prefix.pch */,
				3A52E9F81685F0A20076DA2C /* Default.png */,
				3A52E9FA1685F0A20076DA2C /* Default@2x.png */,
				3A52E9FC1685F0A20076DA2C /* Default-568h@2x.png */,
			);
			name = "Supporting Files";
			sourceTree = "<group>";
		};
		3A52EA0F1685F5AC0076DA2C /* ASIHTTPRequest */ = {
			isa = PBXGroup;
			children = (
				3A52EA161685F6660076DA2C /* Classes */,
				3A52EA121685F6500076DA2C /* Reachability */,
			);
			name = ASIHTTPRequest;
			sourceTree = "<group>";
		};
		3A52EA121685F6500076DA2C /* Reachability */ = {
			isa = PBXGroup;
			children = (
				3A52EA131685F6500076DA2C /* Reachability.h */,
				3A52EA141685F6500076DA2C /* Reachability.m */,
			);
			path = Reachability;
			sourceTree = "<group>";
		};
		3A52EA161685F6660076DA2C /* Classes */ = {
			isa = PBXGroup;
			children = (
				3A52EA171685F6660076DA2C /* ASIAuthenticationDialog.h */,
				3A52EA181685F6660076DA2C /* ASIAuthenticationDialog.m */,
				3A52EA191685F6660076DA2C /* ASICacheDelegate.h */,
				3A52EA1A1685F6660076DA2C /* ASIDataCompressor.h */,
				3A52EA1B1685F6660076DA2C /* ASIDataCompressor.m */,
				3A52EA1C1685F6660076DA2C /* ASIDataDecompressor.h */,
				3A52EA1D1685F6660076DA2C /* ASIDataDecompressor.m */,
				3A52EA1E1685F6660076DA2C /* ASIDownloadCache.h */,
				3A52EA1F1685F6660076DA2C /* ASIDownloadCache.m */,
				3A52EA201685F6660076DA2C /* ASIFormDataRequest.h */,
				3A52EA211685F6660076DA2C /* ASIFormDataRequest.m */,
				3A52EA221685F6660076DA2C /* ASIHTTPRequest.h */,
				3A52EA231685F6660076DA2C /* ASIHTTPRequest.m */,
				3A52EA241685F6660076DA2C /* ASIHTTPRequestConfig.h */,
				3A52EA251685F6660076DA2C /* ASIHTTPRequestDelegate.h */,
				3A52EA261685F6660076DA2C /* ASIInputStream.h */,
				3A52EA271685F6660076DA2C /* ASIInputStream.m */,
				3A52EA281685F6660076DA2C /* ASINetworkQueue.h */,
				3A52EA291685F6660076DA2C /* ASINetworkQueue.m */,
				3A52EA2A1685F6660076DA2C /* ASIProgressDelegate.h */,
			);
			path = Classes;
			sourceTree = "<group>";
		};
/* End PBXGroup section */

/* Begin PBXNativeTarget section */
		3A52E9E11685F0A20076DA2C /* treinaweb */ = {
			isa = PBXNativeTarget;
			buildConfigurationList = 3A52EA0C1685F0A20076DA2C /* Build configuration list for PBXNativeTarget "treinaweb" */;
			buildPhases = (
				3A52E9DE1685F0A20076DA2C /* Sources */,
				3A52E9DF1685F0A20076DA2C /* Frameworks */,
				3A52E9E01685F0A20076DA2C /* Resources */,
			);
			buildRules = (
			);
			dependencies = (
			);
			name = treinaweb;
			productName = treinaweb;
			productReference = 3A52E9E21685F0A20076DA2C /* treinaweb.app */;
			productType = "com.apple.product-type.application";
		};
/* End PBXNativeTarget section */

/* Begin PBXProject section */
		3A52E9D91685F0A20076DA2C /* Project object */ = {
			isa = PBXProject;
			attributes = {
				LastUpgradeCheck = 0450;
				ORGANIZATIONNAME = "Paulo Brazil Mazzeo";
			};
			buildConfigurationList = 3A52E9DC1685F0A20076DA2C /* Build configuration list for PBXProject "treinaweb" */;
			compatibilityVersion = "Xcode 3.2";
			developmentRegion = English;
			hasScannedForEncodings = 0;
			knownRegions = (
				en,
			);
			mainGroup = 3A52E9D71685F0A20076DA2C;
			productRefGroup = 3A52E9E31685F0A20076DA2C /* Products */;
			projectDirPath = "";
			projectRoot = "";
			targets = (
				3A52E9E11685F0A20076DA2C /* treinaweb */,
			);
		};
/* End PBXProject section */

/* Begin PBXResourcesBuildPhase section */
		3A52E9E01685F0A20076DA2C /* Resources */ = {
			isa = PBXResourcesBuildPhase;
			buildActionMask = 2147483647;
			files = (
				3A52E9F11685F0A20076DA2C /* InfoPlist.strings in Resources */,
				3A52E9F91685F0A20076DA2C /* Default.png in Resources */,
				3A52E9FB1685F0A20076DA2C /* Default@2x.png in Resources */,
				3A52E9FD1685F0A20076DA2C /* Default-568h@2x.png in Resources */,
				3A52EA061685F0A20076DA2C /* MasterViewController.xib in Resources */,
				3A52EA091685F0A20076DA2C /* DetailViewController.xib in Resources */,
			);
			runOnlyForDeploymentPostprocessing = 0;
		};
/* End PBXResourcesBuildPhase section */

/* Begin PBXSourcesBuildPhase section */
		3A52E9DE1685F0A20076DA2C /* Sources */ = {
			isa = PBXSourcesBuildPhase;
			buildActionMask = 2147483647;
			files = (
				3A52E9F31685F0A20076DA2C /* main.m in Sources */,
				3A52E9F71685F0A20076DA2C /* AppDelegate.m in Sources */,
				3A52EA001685F0A20076DA2C /* MasterViewController.m in Sources */,
				3A52EA031685F0A20076DA2C /* DetailViewController.m in Sources */,
				3A52EA151685F6500076DA2C /* Reachability.m in Sources */,
				3A52EA691685F6660076DA2C /* ASIAuthenticationDialog.m in Sources */,
				3A52EA6A1685F6660076DA2C /* ASIDataCompressor.m in Sources */,
				3A52EA6B1685F6660076DA2C /* ASIDataDecompressor.m in Sources */,
				3A52EA6C1685F6660076DA2C /* ASIDownloadCache.m in Sources */,
				3A52EA6D1685F6660076DA2C /* ASIFormDataRequest.m in Sources */,
				3A52EA6E1685F6660076DA2C /* ASIHTTPRequest.m in Sources */,
				3A52EA6F1685F6660076DA2C /* ASIInputStream.m in Sources */,
				3A52EA701685F6660076DA2C /* ASINetworkQueue.m in Sources */,
			);
			runOnlyForDeploymentPostprocessing = 0;
		};
/* End PBXSourcesBuildPhase section */

/* Begin PBXVariantGroup section */
		3A52E9EF1685F0A20076DA2C /* InfoPlist.strings */ = {
			isa = PBXVariantGroup;
			children = (
				3A52E9F01685F0A20076DA2C /* en */,
			);
			name = InfoPlist.strings;
			sourceTree = "<group>";
		};
		3A52EA041685F0A20076DA2C /* MasterViewController.xib */ = {
			isa = PBXVariantGroup;
			children = (
				3A52EA051685F0A20076DA2C /* en */,
			);
			name = MasterViewController.xib;
			sourceTree = "<group>";
		};
		3A52EA071685F0A20076DA2C /* DetailViewController.xib */ = {
			isa = PBXVariantGroup;
			children = (
				3A52EA081685F0A20076DA2C /* en */,
			);
			name = DetailViewController.xib;
			sourceTree = "<group>";
		};
/* End PBXVariantGroup section */

/* Begin XCBuildConfiguration section */
		3A52EA0A1685F0A20076DA2C /* Debug */ = {
			isa = XCBuildConfiguration;
			buildSettings = {
				ALWAYS_SEARCH_USER_PATHS = NO;
				CLANG_CXX_LANGUAGE_STANDARD = "gnu++0x";
				CLANG_CXX_LIBRARY = "libc++";
				CLANG_WARN_EMPTY_BODY = YES;
				CLANG_WARN__DUPLICATE_METHOD_MATCH = YES;
				"CODE_SIGN_IDENTITY[sdk=iphoneos*]" = "iPhone Developer";
				COPY_PHASE_STRIP = NO;
				GCC_C_LANGUAGE_STANDARD = gnu99;
				GCC_DYNAMIC_NO_PIC = NO;
				GCC_OPTIMIZATION_LEVEL = 0;
				GCC_PREPROCESSOR_DEFINITIONS = (
					"DEBUG=1",
					"$(inherited)",
				);
				GCC_SYMBOLS_PRIVATE_EXTERN = NO;
				GCC_WARN_ABOUT_RETURN_TYPE = YES;
				GCC_WARN_UNINITIALIZED_AUTOS = YES;
				GCC_WARN_UNUSED_VARIABLE = YES;
				IPHONEOS_DEPLOYMENT_TARGET = 6.0;
				ONLY_ACTIVE_ARCH = YES;
				SDKROOT = iphoneos;
			};
			name = Debug;
		};
		3A52EA0B1685F0A20076DA2C /* Release */ = {
			isa = XCBuildConfiguration;
			buildSettings = {
				ALWAYS_SEARCH_USER_PATHS = NO;
				CLANG_CXX_LANGUAGE_STANDARD = "gnu++0x";
				CLANG_CXX_LIBRARY = "libc++";
				CLANG_WARN_EMPTY_BODY = YES;
				CLANG_WARN__DUPLICATE_METHOD_MATCH = YES;
				"CODE_SIGN_IDENTITY[sdk=iphoneos*]" = "iPhone Developer";
				COPY_PHASE_STRIP = YES;
				GCC_C_LANGUAGE_STANDARD = gnu99;
				GCC_WARN_ABOUT_RETURN_TYPE = YES;
				GCC_WARN_UNINITIALIZED_AUTOS = YES;
				GCC_WARN_UNUSED_VARIABLE = YES;
				IPHONEOS_DEPLOYMENT_TARGET = 6.0;
				OTHER_CFLAGS = "-DNS_BLOCK_ASSERTIONS=1";
				SDKROOT = iphoneos;
				VALIDATE_PRODUCT = YES;
			};
			name = Release;
		};
		3A52EA0D1685F0A20076DA2C /* Debug */ = {
			isa = XCBuildConfiguration;
			buildSettings = {
				GCC_PRECOMPILE_PREFIX_HEADER = YES;
				GCC_PREFIX_HEADER = "treinaweb/treinaweb-Prefix.pch";
				INFOPLIST_FILE = "treinaweb/treinaweb-Info.plist";
				PRODUCT_NAME = "$(TARGET_NAME)";
				WRAPPER_EXTENSION = app;
			};
			name = Debug;
		};
		3A52EA0E1685F0A20076DA2C /* Release */ = {
			isa = XCBuildConfiguration;
			buildSettings = {
				GCC_PRECOMPILE_PREFIX_HEADER = YES;
				GCC_PREFIX_HEADER = "treinaweb/treinaweb-Prefix.pch";
				INFOPLIST_FILE = "treinaweb/treinaweb-Info.plist";
				PRODUCT_NAME = "$(TARGET_NAME)";
				WRAPPER_EXTENSION = app;
			};
			name = Release;
		};
/* End XCBuildConfiguration section */

/* Begin XCConfigurationList section */
		3A52E9DC1685F0A20076DA2C /* Build configuration list for PBXProject "treinaweb" */ = {
			isa = XCConfigurationList;
			buildConfigurations = (
				3A52EA0A1685F0A20076DA2C /* Debug */,
				3A52EA0B1685F0A20076DA2C /* Release */,
			);
			defaultConfigurationIsVisible = 0;
			defaultConfigurationName = Release;
		};
		3A52EA0C1685F0A20076DA2C /* Build configuration list for PBXNativeTarget "treinaweb" */ = {
			isa = XCConfigurationList;
			buildConfigurations = (
				3A52EA0D1685F0A20076DA2C /* Debug */,
				3A52EA0E1685F0A20076DA2C /* Release */,
			);
			defaultConfigurationIsVisible = 0;
		};
/* End XCConfigurationList section */
	};
	rootObject = 3A52E9D91685F0A20076DA2C /* Project object */;
}
