// !$*UTF8*$!
{
	archiveVersion = 1;
	classes = {
	};
	objectVersion = 46;
	objects = {

/* Begin PBXBuildFile section */
		3AB0E326163C61DC00FE4E08 /* UIKit.framework in Frameworks */ = {isa = PBXBuildFile; fileRef = 3AB0E325163C61DC00FE4E08 /* UIKit.framework */; };
		3AB0E328163C61DC00FE4E08 /* Foundation.framework in Frameworks */ = {isa = PBXBuildFile; fileRef = 3AB0E327163C61DC00FE4E08 /* Foundation.framework */; };
		3AB0E32A163C61DC00FE4E08 /* CoreGraphics.framework in Frameworks */ = {isa = PBXBuildFile; fileRef = 3AB0E329163C61DC00FE4E08 /* CoreGraphics.framework */; };
		3AB0E330163C61DC00FE4E08 /* InfoPlist.strings in Resources */ = {isa = PBXBuildFile; fileRef = 3AB0E32E163C61DC00FE4E08 /* InfoPlist.strings */; };
		3AB0E332163C61DC00FE4E08 /* main.m in Sources */ = {isa = PBXBuildFile; fileRef = 3AB0E331163C61DC00FE4E08 /* main.m */; };
		3AB0E336163C61DC00FE4E08 /* AppDelegate.m in Sources */ = {isa = PBXBuildFile; fileRef = 3AB0E335163C61DC00FE4E08 /* AppDelegate.m */; };
		3AB0E338163C61DC00FE4E08 /* Default.png in Resources */ = {isa = PBXBuildFile; fileRef = 3AB0E337163C61DC00FE4E08 /* Default.png */; };
		3AB0E33A163C61DC00FE4E08 /* Default@2x.png in Resources */ = {isa = PBXBuildFile; fileRef = 3AB0E339163C61DC00FE4E08 /* Default@2x.png */; };
		3AB0E33C163C61DC00FE4E08 /* Default-568h@2x.png in Resources */ = {isa = PBXBuildFile; fileRef = 3AB0E33B163C61DC00FE4E08 /* Default-568h@2x.png */; };
		3AB0E33F163C61DC00FE4E08 /* ViewController.m in Sources */ = {isa = PBXBuildFile; fileRef = 3AB0E33E163C61DC00FE4E08 /* ViewController.m */; };
		3AB0E342163C61DC00FE4E08 /* ViewController.xib in Resources */ = {isa = PBXBuildFile; fileRef = 3AB0E340163C61DC00FE4E08 /* ViewController.xib */; };
/* End PBXBuildFile section */

/* Begin PBXFileReference section */
		3AB0E321163C61DC00FE4E08 /* orientacoes.app */ = {isa = PBXFileReference; explicitFileType = wrapper.application; includeInIndex = 0; path = orientacoes.app; sourceTree = BUILT_PRODUCTS_DIR; };
		3AB0E325163C61DC00FE4E08 /* UIKit.framework */ = {isa = PBXFileReference; lastKnownFileType = wrapper.framework; name = UIKit.framework; path = System/Library/Frameworks/UIKit.framework; sourceTree = SDKROOT; };
		3AB0E327163C61DC00FE4E08 /* Foundation.framework */ = {isa = PBXFileReference; lastKnownFileType = wrapper.framework; name = Foundation.framework; path = System/Library/Frameworks/Foundation.framework; sourceTree = SDKROOT; };
		3AB0E329163C61DC00FE4E08 /* CoreGraphics.framework */ = {isa = PBXFileReference; lastKnownFileType = wrapper.framework; name = CoreGraphics.framework; path = System/Library/Frameworks/CoreGraphics.framework; sourceTree = SDKROOT; };
		3AB0E32D163C61DC00FE4E08 /* orientacoes-Info.plist */ = {isa = PBXFileReference; lastKnownFileType = text.plist.xml; path = "orientacoes-Info.plist"; sourceTree = "<group>"; };
		3AB0E32F163C61DC00FE4E08 /* en */ = {isa = PBXFileReference; lastKnownFileType = text.plist.strings; name = en; path = en.lproj/InfoPlist.strings; sourceTree = "<group>"; };
		3AB0E331163C61DC00FE4E08 /* main.m */ = {isa = PBXFileReference; lastKnownFileType = sourcecode.c.objc; path = main.m; sourceTree = "<group>"; };
		3AB0E333163C61DC00FE4E08 /* orientacoes-Prefix.pch */ = {isa = PBXFileReference; lastKnownFileType = sourcecode.c.h; path = "orientacoes-Prefix.pch"; sourceTree = "<group>"; };
		3AB0E334163C61DC00FE4E08 /* AppDelegate.h */ = {isa = PBXFileReference; lastKnownFileType = sourcecode.c.h; path = AppDelegate.h; sourceTree = "<group>"; };
		3AB0E335163C61DC00FE4E08 /* AppDelegate.m */ = {isa = PBXFileReference; lastKnownFileType = sourcecode.c.objc; path = AppDelegate.m; sourceTree = "<group>"; };
		3AB0E337163C61DC00FE4E08 /* Default.png */ = {isa = PBXFileReference; lastKnownFileType = image.png; path = Default.png; sourceTree = "<group>"; };
		3AB0E339163C61DC00FE4E08 /* Default@2x.png */ = {isa = PBXFileReference; lastKnownFileType = image.png; path = "Default@2x.png"; sourceTree = "<group>"; };
		3AB0E33B163C61DC00FE4E08 /* Default-568h@2x.png */ = {isa = PBXFileReference; lastKnownFileType = image.png; path = "Default-568h@2x.png"; sourceTree = "<group>"; };
		3AB0E33D163C61DC00FE4E08 /* ViewController.h */ = {isa = PBXFileReference; lastKnownFileType = sourcecode.c.h; path = ViewController.h; sourceTree = "<group>"; };
		3AB0E33E163C61DC00FE4E08 /* ViewController.m */ = {isa = PBXFileReference; lastKnownFileType = sourcecode.c.objc; path = ViewController.m; sourceTree = "<group>"; };
		3AB0E341163C61DC00FE4E08 /* en */ = {isa = PBXFileReference; lastKnownFileType = file.xib; name = en; path = en.lproj/ViewController.xib; sourceTree = "<group>"; };
/* End PBXFileReference section */

/* Begin PBXFrameworksBuildPhase section */
		3AB0E31E163C61DC00FE4E08 /* Frameworks */ = {
			isa = PBXFrameworksBuildPhase;
			buildActionMask = 2147483647;
			files = (
				3AB0E326163C61DC00FE4E08 /* UIKit.framework in Frameworks */,
				3AB0E328163C61DC00FE4E08 /* Foundation.framework in Frameworks */,
				3AB0E32A163C61DC00FE4E08 /* CoreGraphics.framework in Frameworks */,
			);
			runOnlyForDeploymentPostprocessing = 0;
		};
/* End PBXFrameworksBuildPhase section */

/* Begin PBXGroup section */
		3AB0E316163C61DC00FE4E08 = {
			isa = PBXGroup;
			children = (
				3AB0E32B163C61DC00FE4E08 /* orientacoes */,
				3AB0E324163C61DC00FE4E08 /* Frameworks */,
				3AB0E322163C61DC00FE4E08 /* Products */,
			);
			sourceTree = "<group>";
		};
		3AB0E322163C61DC00FE4E08 /* Products */ = {
			isa = PBXGroup;
			children = (
				3AB0E321163C61DC00FE4E08 /* orientacoes.app */,
			);
			name = Products;
			sourceTree = "<group>";
		};
		3AB0E324163C61DC00FE4E08 /* Frameworks */ = {
			isa = PBXGroup;
			children = (
				3AB0E325163C61DC00FE4E08 /* UIKit.framework */,
				3AB0E327163C61DC00FE4E08 /* Foundation.framework */,
				3AB0E329163C61DC00FE4E08 /* CoreGraphics.framework */,
			);
			name = Frameworks;
			sourceTree = "<group>";
		};
		3AB0E32B163C61DC00FE4E08 /* orientacoes */ = {
			isa = PBXGroup;
			children = (
				3AB0E334163C61DC00FE4E08 /* AppDelegate.h */,
				3AB0E335163C61DC00FE4E08 /* AppDelegate.m */,
				3AB0E33D163C61DC00FE4E08 /* ViewController.h */,
				3AB0E33E163C61DC00FE4E08 /* ViewController.m */,
				3AB0E340163C61DC00FE4E08 /* ViewController.xib */,
				3AB0E32C163C61DC00FE4E08 /* Supporting Files */,
			);
			path = orientacoes;
			sourceTree = "<group>";
		};
		3AB0E32C163C61DC00FE4E08 /* Supporting Files */ = {
			isa = PBXGroup;
			children = (
				3AB0E32D163C61DC00FE4E08 /* orientacoes-Info.plist */,
				3AB0E32E163C61DC00FE4E08 /* InfoPlist.strings */,
				3AB0E331163C61DC00FE4E08 /* main.m */,
				3AB0E333163C61DC00FE4E08 /* orientacoes-Prefix.pch */,
				3AB0E337163C61DC00FE4E08 /* Default.png */,
				3AB0E339163C61DC00FE4E08 /* Default@2x.png */,
				3AB0E33B163C61DC00FE4E08 /* Default-568h@2x.png */,
			);
			name = "Supporting Files";
			sourceTree = "<group>";
		};
/* End PBXGroup section */

/* Begin PBXNativeTarget section */
		3AB0E320163C61DC00FE4E08 /* orientacoes */ = {
			isa = PBXNativeTarget;
			buildConfigurationList = 3AB0E345163C61DC00FE4E08 /* Build configuration list for PBXNativeTarget "orientacoes" */;
			buildPhases = (
				3AB0E31D163C61DC00FE4E08 /* Sources */,
				3AB0E31E163C61DC00FE4E08 /* Frameworks */,
				3AB0E31F163C61DC00FE4E08 /* Resources */,
			);
			buildRules = (
			);
			dependencies = (
			);
			name = orientacoes;
			productName = orientacoes;
			productReference = 3AB0E321163C61DC00FE4E08 /* orientacoes.app */;
			productType = "com.apple.product-type.application";
		};
/* End PBXNativeTarget section */

/* Begin PBXProject section */
		3AB0E318163C61DC00FE4E08 /* Project object */ = {
			isa = PBXProject;
			attributes = {
				LastUpgradeCheck = 0450;
				ORGANIZATIONNAME = "Paulo Brazil Mazzeo";
			};
			buildConfigurationList = 3AB0E31B163C61DC00FE4E08 /* Build configuration list for PBXProject "orientacoes" */;
			compatibilityVersion = "Xcode 3.2";
			developmentRegion = English;
			hasScannedForEncodings = 0;
			knownRegions = (
				en,
			);
			mainGroup = 3AB0E316163C61DC00FE4E08;
			productRefGroup = 3AB0E322163C61DC00FE4E08 /* Products */;
			projectDirPath = "";
			projectRoot = "";
			targets = (
				3AB0E320163C61DC00FE4E08 /* orientacoes */,
			);
		};
/* End PBXProject section */

/* Begin PBXResourcesBuildPhase section */
		3AB0E31F163C61DC00FE4E08 /* Resources */ = {
			isa = PBXResourcesBuildPhase;
			buildActionMask = 2147483647;
			files = (
				3AB0E330163C61DC00FE4E08 /* InfoPlist.strings in Resources */,
				3AB0E338163C61DC00FE4E08 /* Default.png in Resources */,
				3AB0E33A163C61DC00FE4E08 /* Default@2x.png in Resources */,
				3AB0E33C163C61DC00FE4E08 /* Default-568h@2x.png in Resources */,
				3AB0E342163C61DC00FE4E08 /* ViewController.xib in Resources */,
			);
			runOnlyForDeploymentPostprocessing = 0;
		};
/* End PBXResourcesBuildPhase section */

/* Begin PBXSourcesBuildPhase section */
		3AB0E31D163C61DC00FE4E08 /* Sources */ = {
			isa = PBXSourcesBuildPhase;
			buildActionMask = 2147483647;
			files = (
				3AB0E332163C61DC00FE4E08 /* main.m in Sources */,
				3AB0E336163C61DC00FE4E08 /* AppDelegate.m in Sources */,
				3AB0E33F163C61DC00FE4E08 /* ViewController.m in Sources */,
			);
			runOnlyForDeploymentPostprocessing = 0;
		};
/* End PBXSourcesBuildPhase section */

/* Begin PBXVariantGroup section */
		3AB0E32E163C61DC00FE4E08 /* InfoPlist.strings */ = {
			isa = PBXVariantGroup;
			children = (
				3AB0E32F163C61DC00FE4E08 /* en */,
			);
			name = InfoPlist.strings;
			sourceTree = "<group>";
		};
		3AB0E340163C61DC00FE4E08 /* ViewController.xib */ = {
			isa = PBXVariantGroup;
			children = (
				3AB0E341163C61DC00FE4E08 /* en */,
			);
			name = ViewController.xib;
			sourceTree = "<group>";
		};
/* End PBXVariantGroup section */

/* Begin XCBuildConfiguration section */
		3AB0E343163C61DC00FE4E08 /* Debug */ = {
			isa = XCBuildConfiguration;
			buildSettings = {
				ALWAYS_SEARCH_USER_PATHS = NO;
				CLANG_CXX_LANGUAGE_STANDARD = "gnu++0x";
				CLANG_CXX_LIBRARY = "libc++";
				CLANG_WARN_EMPTY_BODY = YES;
				CLANG_WARN__DUPLICATE_METHOD_MATCH = YES;
				"CODE_SIGN_IDENTITY[sdk=iphoneos*]" = "iPhone Developer";
				COPY_PHASE_STRIP = NO;
				GCC_C_LANGUAGE_STANDARD = gnu99;
				GCC_DYNAMIC_NO_PIC = NO;
				GCC_OPTIMIZATION_LEVEL = 0;
				GCC_PREPROCESSOR_DEFINITIONS = (
					"DEBUG=1",
					"$(inherited)",
				);
				GCC_SYMBOLS_PRIVATE_EXTERN = NO;
				GCC_WARN_ABOUT_RETURN_TYPE = YES;
				GCC_WARN_UNINITIALIZED_AUTOS = YES;
				GCC_WARN_UNUSED_VARIABLE = YES;
				IPHONEOS_DEPLOYMENT_TARGET = 6.0;
				ONLY_ACTIVE_ARCH = YES;
				SDKROOT = iphoneos;
			};
			name = Debug;
		};
		3AB0E344163C61DC00FE4E08 /* Release */ = {
			isa = XCBuildConfiguration;
			buildSettings = {
				ALWAYS_SEARCH_USER_PATHS = NO;
				CLANG_CXX_LANGUAGE_STANDARD = "gnu++0x";
				CLANG_CXX_LIBRARY = "libc++";
				CLANG_WARN_EMPTY_BODY = YES;
				CLANG_WARN__DUPLICATE_METHOD_MATCH = YES;
				"CODE_SIGN_IDENTITY[sdk=iphoneos*]" = "iPhone Developer";
				COPY_PHASE_STRIP = YES;
				GCC_C_LANGUAGE_STANDARD = gnu99;
				GCC_WARN_ABOUT_RETURN_TYPE = YES;
				GCC_WARN_UNINITIALIZED_AUTOS = YES;
				GCC_WARN_UNUSED_VARIABLE = YES;
				IPHONEOS_DEPLOYMENT_TARGET = 6.0;
				OTHER_CFLAGS = "-DNS_BLOCK_ASSERTIONS=1";
				SDKROOT = iphoneos;
				VALIDATE_PRODUCT = YES;
			};
			name = Release;
		};
		3AB0E346163C61DC00FE4E08 /* Debug */ = {
			isa = XCBuildConfiguration;
			buildSettings = {
				GCC_PRECOMPILE_PREFIX_HEADER = YES;
				GCC_PREFIX_HEADER = "orientacoes/orientacoes-Prefix.pch";
				INFOPLIST_FILE = "orientacoes/orientacoes-Info.plist";
				PRODUCT_NAME = "$(TARGET_NAME)";
				WRAPPER_EXTENSION = app;
			};
			name = Debug;
		};
		3AB0E347163C61DC00FE4E08 /* Release */ = {
			isa = XCBuildConfiguration;
			buildSettings = {
				GCC_PRECOMPILE_PREFIX_HEADER = YES;
				GCC_PREFIX_HEADER = "orientacoes/orientacoes-Prefix.pch";
				INFOPLIST_FILE = "orientacoes/orientacoes-Info.plist";
				PRODUCT_NAME = "$(TARGET_NAME)";
				WRAPPER_EXTENSION = app;
			};
			name = Release;
		};
/* End XCBuildConfiguration section */

/* Begin XCConfigurationList section */
		3AB0E31B163C61DC00FE4E08 /* Build configuration list for PBXProject "orientacoes" */ = {
			isa = XCConfigurationList;
			buildConfigurations = (
				3AB0E343163C61DC00FE4E08 /* Debug */,
				3AB0E344163C61DC00FE4E08 /* Release */,
			);
			defaultConfigurationIsVisible = 0;
			defaultConfigurationName = Release;
		};
		3AB0E345163C61DC00FE4E08 /* Build configuration list for PBXNativeTarget "orientacoes" */ = {
			isa = XCConfigurationList;
			buildConfigurations = (
				3AB0E346163C61DC00FE4E08 /* Debug */,
				3AB0E347163C61DC00FE4E08 /* Release */,
			);
			defaultConfigurationIsVisible = 0;
		};
/* End XCConfigurationList section */
	};
	rootObject = 3AB0E318163C61DC00FE4E08 /* Project object */;
}
